<?xml version="1.0" encoding="utf-8"?>
<Project ToolsVersion="4.0" xmlns="http://schemas.microsoft.com/developer/msbuild/2003">
  <ItemGroup>
    <Filter Include="application">
      <UniqueIdentifier>{a3761c3d-eedd-4dc9-8031-c33b2937df01}</UniqueIdentifier>
    </Filter>
    <Filter Include="logic">
      <UniqueIdentifier>{247c00d4-44b1-4c97-bd83-df33e05bea92}</UniqueIdentifier>
    </Filter>
  </ItemGroup>
  <ItemGroup>
    <ClCompile Include="application\application.cpp">
      <Filter>application</Filter>
    </ClCompile>
    <ClCompile Include="main.cpp" />
    <ClCompile Include="..\SDL_engine\common.cpp" />
    <ClCompile Include="logic\board.cpp">
      <Filter>logic</Filter>
    </ClCompile>
    <ClCompile Include="logic\target_cursor.cpp">
      <Filter>logic</Filter>
    </ClCompile>
    <ClCompile Include="logic\gameplay.cpp">
      <Filter>logic</Filter>
    </ClCompile>
    <ClCompile Include="logic\bullet_storage.cpp">
      <Filter>logic</Filter>
    </ClCompile>
  </ItemGroup>
  <ItemGroup>
    <ClInclude Include="application\application.h">
      <Filter>application</Filter>
    </ClInclude>
    <ClInclude Include="..\SDL_engine\common.h" />
    <ClInclude Include="logic\board.h">
      <Filter>logic</Filter>
    </ClInclude>
    <ClInclude Include="logic\target_cursor.h">
      <Filter>logic</Filter>
    </ClInclude>
    <ClInclude Include="logic\gameplay.h">
      <Filter>logic</Filter>
    </ClInclude>
    <ClInclude Include="logic\control_keys_data.h">
      <Filter>logic</Filter>
    </ClInclude>
    <ClInclude Include="logic\bullet_storage.h">
      <Filter>logic</Filter>
    </ClInclude>
  </ItemGroup>
</Project>